// !$*UTF8*$!
{
	archiveVersion = 1;
	classes = {
	};
	objectVersion = 50;
	objects = {

/* Begin PBXBuildFile section */
		8408351F2520AC80003C3580 /* AuthenticatedView.swift in Sources */ = {isa = PBXBuildFile; fileRef = 8408351E2520AC80003C3580 /* AuthenticatedView.swift */; };
		84083527252391F3003C3580 /* FeedType.swift in Sources */ = {isa = PBXBuildFile; fileRef = 84083526252391F3003C3580 /* FeedType.swift */; };
		8408352D25239BC9003C3580 /* AuthenticateView.swift in Sources */ = {isa = PBXBuildFile; fileRef = 8408352C25239BC8003C3580 /* AuthenticateView.swift */; };
		8408353025239EA5003C3580 /* APIData.swift in Sources */ = {isa = PBXBuildFile; fileRef = 8408352F25239EA5003C3580 /* APIData.swift */; };
		84424EE3251D37DD00C763BF /* Feed.swift in Sources */ = {isa = PBXBuildFile; fileRef = 84424EE2251D37DD00C763BF /* Feed.swift */; };
		84424EE7251D3D1700C763BF /* UserAuth.swift in Sources */ = {isa = PBXBuildFile; fileRef = 84424EE6251D3D1700C763BF /* UserAuth.swift */; };
		84424EEF251F8BD000C763BF /* User.swift in Sources */ = {isa = PBXBuildFile; fileRef = 84424EEE251F8BD000C763BF /* User.swift */; };
		846639C1254320160087572C /* FeedView.swift in Sources */ = {isa = PBXBuildFile; fileRef = 846639C0254320160087572C /* FeedView.swift */; };
		846639C52543211E0087572C /* ProfileView.swift in Sources */ = {isa = PBXBuildFile; fileRef = 846639C42543211E0087572C /* ProfileView.swift */; };
		846639C8254322F50087572C /* CardView.swift in Sources */ = {isa = PBXBuildFile; fileRef = 846639C7254322F50087572C /* CardView.swift */; };
		846639CB254324260087572C /* TaskDetailsView.swift in Sources */ = {isa = PBXBuildFile; fileRef = 846639CA254324260087572C /* TaskDetailsView.swift */; };
		846A66F2251D300E004464D1 /* AppDelegate.swift in Sources */ = {isa = PBXBuildFile; fileRef = 846A66F1251D300E004464D1 /* AppDelegate.swift */; };
		846A66F4251D300E004464D1 /* SceneDelegate.swift in Sources */ = {isa = PBXBuildFile; fileRef = 846A66F3251D300E004464D1 /* SceneDelegate.swift */; };
		846A66F6251D300E004464D1 /* ContentView.swift in Sources */ = {isa = PBXBuildFile; fileRef = 846A66F5251D300E004464D1 /* ContentView.swift */; };
		846A66F8251D300F004464D1 /* Assets.xcassets in Resources */ = {isa = PBXBuildFile; fileRef = 846A66F7251D300F004464D1 /* Assets.xcassets */; };
		846A66FB251D300F004464D1 /* Preview Assets.xcassets in Resources */ = {isa = PBXBuildFile; fileRef = 846A66FA251D300F004464D1 /* Preview Assets.xcassets */; };
		846A66FE251D300F004464D1 /* LaunchScreen.storyboard in Resources */ = {isa = PBXBuildFile; fileRef = 846A66FC251D300F004464D1 /* LaunchScreen.storyboard */; };
		847AD17E251FB32A009909AE /* APIError.swift in Sources */ = {isa = PBXBuildFile; fileRef = 847AD17D251FB32A009909AE /* APIError.swift */; };
		847AD181251FB40F009909AE /* FeedFetcher.swift in Sources */ = {isa = PBXBuildFile; fileRef = 847AD180251FB40F009909AE /* FeedFetcher.swift */; };
		84879E932530813700979DA0 /* Array+Difference.swift in Sources */ = {isa = PBXBuildFile; fileRef = 84879E922530813700979DA0 /* Array+Difference.swift */; };
/* End PBXBuildFile section */

/* Begin PBXFileReference section */
		8408351E2520AC80003C3580 /* AuthenticatedView.swift */ = {isa = PBXFileReference; lastKnownFileType = sourcecode.swift; path = AuthenticatedView.swift; sourceTree = "<group>"; };
		84083526252391F3003C3580 /* FeedType.swift */ = {isa = PBXFileReference; lastKnownFileType = sourcecode.swift; path = FeedType.swift; sourceTree = "<group>"; };
		8408352C25239BC8003C3580 /* AuthenticateView.swift */ = {isa = PBXFileReference; lastKnownFileType = sourcecode.swift; path = AuthenticateView.swift; sourceTree = "<group>"; };
		8408352F25239EA5003C3580 /* APIData.swift */ = {isa = PBXFileReference; lastKnownFileType = sourcecode.swift; path = APIData.swift; sourceTree = "<group>"; };
		84424EE2251D37DD00C763BF /* Feed.swift */ = {isa = PBXFileReference; lastKnownFileType = sourcecode.swift; path = Feed.swift; sourceTree = "<group>"; };
		84424EE6251D3D1700C763BF /* UserAuth.swift */ = {isa = PBXFileReference; lastKnownFileType = sourcecode.swift; path = UserAuth.swift; sourceTree = "<group>"; };
		84424EEE251F8BD000C763BF /* User.swift */ = {isa = PBXFileReference; lastKnownFileType = sourcecode.swift; path = User.swift; sourceTree = "<group>"; };
		846639C0254320160087572C /* FeedView.swift */ = {isa = PBXFileReference; lastKnownFileType = sourcecode.swift; path = FeedView.swift; sourceTree = "<group>"; };
		846639C42543211E0087572C /* ProfileView.swift */ = {isa = PBXFileReference; lastKnownFileType = sourcecode.swift; path = ProfileView.swift; sourceTree = "<group>"; };
		846639C7254322F50087572C /* CardView.swift */ = {isa = PBXFileReference; lastKnownFileType = sourcecode.swift; path = CardView.swift; sourceTree = "<group>"; };
		846639CA254324260087572C /* TaskDetailsView.swift */ = {isa = PBXFileReference; lastKnownFileType = sourcecode.swift; path = TaskDetailsView.swift; sourceTree = "<group>"; };
		846A66EE251D300E004464D1 /* tasks-client.app */ = {isa = PBXFileReference; explicitFileType = wrapper.application; includeInIndex = 0; path = "tasks-client.app"; sourceTree = BUILT_PRODUCTS_DIR; };
		846A66F1251D300E004464D1 /* AppDelegate.swift */ = {isa = PBXFileReference; lastKnownFileType = sourcecode.swift; path = AppDelegate.swift; sourceTree = "<group>"; };
		846A66F3251D300E004464D1 /* SceneDelegate.swift */ = {isa = PBXFileReference; lastKnownFileType = sourcecode.swift; path = SceneDelegate.swift; sourceTree = "<group>"; };
		846A66F5251D300E004464D1 /* ContentView.swift */ = {isa = PBXFileReference; lastKnownFileType = sourcecode.swift; path = ContentView.swift; sourceTree = "<group>"; };
		846A66F7251D300F004464D1 /* Assets.xcassets */ = {isa = PBXFileReference; lastKnownFileType = folder.assetcatalog; path = Assets.xcassets; sourceTree = "<group>"; };
		846A66FA251D300F004464D1 /* Preview Assets.xcassets */ = {isa = PBXFileReference; lastKnownFileType = folder.assetcatalog; path = "Preview Assets.xcassets"; sourceTree = "<group>"; };
		846A66FD251D300F004464D1 /* Base */ = {isa = PBXFileReference; lastKnownFileType = file.storyboard; name = Base; path = Base.lproj/LaunchScreen.storyboard; sourceTree = "<group>"; };
		846A66FF251D300F004464D1 /* Info.plist */ = {isa = PBXFileReference; lastKnownFileType = text.plist.xml; path = Info.plist; sourceTree = "<group>"; };
		847AD17D251FB32A009909AE /* APIError.swift */ = {isa = PBXFileReference; lastKnownFileType = sourcecode.swift; path = APIError.swift; sourceTree = "<group>"; };
		847AD180251FB40F009909AE /* FeedFetcher.swift */ = {isa = PBXFileReference; lastKnownFileType = sourcecode.swift; path = FeedFetcher.swift; sourceTree = "<group>"; };
		84879E922530813700979DA0 /* Array+Difference.swift */ = {isa = PBXFileReference; lastKnownFileType = sourcecode.swift; path = "Array+Difference.swift"; sourceTree = "<group>"; };
/* End PBXFileReference section */

/* Begin PBXFrameworksBuildPhase section */
		846A66EB251D300E004464D1 /* Frameworks */ = {
			isa = PBXFrameworksBuildPhase;
			buildActionMask = 2147483647;
			files = (
			);
			runOnlyForDeploymentPostprocessing = 0;
		};
/* End PBXFrameworksBuildPhase section */

/* Begin PBXGroup section */
		8408352225239164003C3580 /* Model */ = {
			isa = PBXGroup;
			children = (
				84424EE2251D37DD00C763BF /* Feed.swift */,
				84424EEE251F8BD000C763BF /* User.swift */,
			);
			path = Model;
			sourceTree = "<group>";
		};
		840835232523916E003C3580 /* ViewModel */ = {
			isa = PBXGroup;
			children = (
				84424EE6251D3D1700C763BF /* UserAuth.swift */,
				847AD180251FB40F009909AE /* FeedFetcher.swift */,
			);
			path = ViewModel;
			sourceTree = "<group>";
		};
		8408352425239176003C3580 /* View */ = {
			isa = PBXGroup;
			children = (
				846A66F5251D300E004464D1 /* ContentView.swift */,
				8408352C25239BC8003C3580 /* AuthenticateView.swift */,
				8408351E2520AC80003C3580 /* AuthenticatedView.swift */,
				846639C7254322F50087572C /* CardView.swift */,
				846639CA254324260087572C /* TaskDetailsView.swift */,
				846639C0254320160087572C /* FeedView.swift */,
				846639C42543211E0087572C /* ProfileView.swift */,
			);
			path = View;
			sourceTree = "<group>";
		};
		84083525252391B0003C3580 /* Type */ = {
			isa = PBXGroup;
			children = (
				847AD17D251FB32A009909AE /* APIError.swift */,
				84083526252391F3003C3580 /* FeedType.swift */,
				8408352F25239EA5003C3580 /* APIData.swift */,
			);
			path = Type;
			sourceTree = "<group>";
		};
		846A66E5251D300E004464D1 = {
			isa = PBXGroup;
			children = (
				846A66F0251D300E004464D1 /* tasks-client */,
				846A66EF251D300E004464D1 /* Products */,
			);
			sourceTree = "<group>";
		};
		846A66EF251D300E004464D1 /* Products */ = {
			isa = PBXGroup;
			children = (
				846A66EE251D300E004464D1 /* tasks-client.app */,
			);
			name = Products;
			sourceTree = "<group>";
		};
		846A66F0251D300E004464D1 /* tasks-client */ = {
			isa = PBXGroup;
			children = (
				84879E912530810C00979DA0 /* Extension */,
				84083525252391B0003C3580 /* Type */,
				8408352425239176003C3580 /* View */,
				840835232523916E003C3580 /* ViewModel */,
				8408352225239164003C3580 /* Model */,
				846A66F3251D300E004464D1 /* SceneDelegate.swift */,
				846A66F7251D300F004464D1 /* Assets.xcassets */,
				846A66FC251D300F004464D1 /* LaunchScreen.storyboard */,
				846A66F1251D300E004464D1 /* AppDelegate.swift */,
				846A66FF251D300F004464D1 /* Info.plist */,
				846A66F9251D300F004464D1 /* Preview Content */,
			);
			path = "tasks-client";
			sourceTree = "<group>";
		};
		846A66F9251D300F004464D1 /* Preview Content */ = {
			isa = PBXGroup;
			children = (
				846A66FA251D300F004464D1 /* Preview Assets.xcassets */,
			);
			path = "Preview Content";
			sourceTree = "<group>";
		};
		84879E912530810C00979DA0 /* Extension */ = {
			isa = PBXGroup;
			children = (
				84879E922530813700979DA0 /* Array+Difference.swift */,
			);
			path = Extension;
			sourceTree = "<group>";
		};
/* End PBXGroup section */

/* Begin PBXNativeTarget section */
		846A66ED251D300E004464D1 /* tasks-client */ = {
			isa = PBXNativeTarget;
			buildConfigurationList = 846A6702251D300F004464D1 /* Build configuration list for PBXNativeTarget "tasks-client" */;
			buildPhases = (
				846A66EA251D300E004464D1 /* Sources */,
				846A66EB251D300E004464D1 /* Frameworks */,
				846A66EC251D300E004464D1 /* Resources */,
			);
			buildRules = (
			);
			dependencies = (
			);
			name = "tasks-client";
			productName = "tasks-client";
			productReference = 846A66EE251D300E004464D1 /* tasks-client.app */;
			productType = "com.apple.product-type.application";
		};
/* End PBXNativeTarget section */

/* Begin PBXProject section */
		846A66E6251D300E004464D1 /* Project object */ = {
			isa = PBXProject;
			attributes = {
				LastSwiftUpdateCheck = 1200;
				LastUpgradeCheck = 1200;
				TargetAttributes = {
					846A66ED251D300E004464D1 = {
						CreatedOnToolsVersion = 12.0;
					};
				};
			};
			buildConfigurationList = 846A66E9251D300E004464D1 /* Build configuration list for PBXProject "tasks-client" */;
			compatibilityVersion = "Xcode 9.3";
			developmentRegion = en;
			hasScannedForEncodings = 0;
			knownRegions = (
				en,
				Base,
			);
			mainGroup = 846A66E5251D300E004464D1;
			productRefGroup = 846A66EF251D300E004464D1 /* Products */;
			projectDirPath = "";
			projectRoot = "";
			targets = (
				846A66ED251D300E004464D1 /* tasks-client */,
			);
		};
/* End PBXProject section */

/* Begin PBXResourcesBuildPhase section */
		846A66EC251D300E004464D1 /* Resources */ = {
			isa = PBXResourcesBuildPhase;
			buildActionMask = 2147483647;
			files = (
				846A66FE251D300F004464D1 /* LaunchScreen.storyboard in Resources */,
				846A66FB251D300F004464D1 /* Preview Assets.xcassets in Resources */,
				846A66F8251D300F004464D1 /* Assets.xcassets in Resources */,
			);
			runOnlyForDeploymentPostprocessing = 0;
		};
/* End PBXResourcesBuildPhase section */

/* Begin PBXSourcesBuildPhase section */
		846A66EA251D300E004464D1 /* Sources */ = {
			isa = PBXSourcesBuildPhase;
			buildActionMask = 2147483647;
			files = (
				846639C1254320160087572C /* FeedView.swift in Sources */,
				84879E932530813700979DA0 /* Array+Difference.swift in Sources */,
				8408352D25239BC9003C3580 /* AuthenticateView.swift in Sources */,
				84424EE3251D37DD00C763BF /* Feed.swift in Sources */,
				8408351F2520AC80003C3580 /* AuthenticatedView.swift in Sources */,
				847AD181251FB40F009909AE /* FeedFetcher.swift in Sources */,
				846A66F2251D300E004464D1 /* AppDelegate.swift in Sources */,
				846639C52543211E0087572C /* ProfileView.swift in Sources */,
				8408353025239EA5003C3580 /* APIData.swift in Sources */,
				84424EEF251F8BD000C763BF /* User.swift in Sources */,
				846639CB254324260087572C /* TaskDetailsView.swift in Sources */,
				846A66F4251D300E004464D1 /* SceneDelegate.swift in Sources */,
				84424EE7251D3D1700C763BF /* UserAuth.swift in Sources */,
				846A66F6251D300E004464D1 /* ContentView.swift in Sources */,
				847AD17E251FB32A009909AE /* APIError.swift in Sources */,
				846639C8254322F50087572C /* CardView.swift in Sources */,
				84083527252391F3003C3580 /* FeedType.swift in Sources */,
			);
			runOnlyForDeploymentPostprocessing = 0;
		};
/* End PBXSourcesBuildPhase section */

/* Begin PBXVariantGroup section */
		846A66FC251D300F004464D1 /* LaunchScreen.storyboard */ = {
			isa = PBXVariantGroup;
			children = (
				846A66FD251D300F004464D1 /* Base */,
			);
			name = LaunchScreen.storyboard;
			sourceTree = "<group>";
		};
/* End PBXVariantGroup section */

/* Begin XCBuildConfiguration section */
		846A6700251D300F004464D1 /* Debug */ = {
			isa = XCBuildConfiguration;
			buildSettings = {
				ALWAYS_SEARCH_USER_PATHS = NO;
				CLANG_ANALYZER_NONNULL = YES;
				CLANG_ANALYZER_NUMBER_OBJECT_CONVERSION = YES_AGGRESSIVE;
				CLANG_CXX_LANGUAGE_STANDARD = "gnu++14";
				CLANG_CXX_LIBRARY = "libc++";
				CLANG_ENABLE_MODULES = YES;
				CLANG_ENABLE_OBJC_ARC = YES;
				CLANG_ENABLE_OBJC_WEAK = YES;
				CLANG_WARN_BLOCK_CAPTURE_AUTORELEASING = YES;
				CLANG_WARN_BOOL_CONVERSION = YES;
				CLANG_WARN_COMMA = YES;
				CLANG_WARN_CONSTANT_CONVERSION = YES;
				CLANG_WARN_DEPRECATED_OBJC_IMPLEMENTATIONS = YES;
				CLANG_WARN_DIRECT_OBJC_ISA_USAGE = YES_ERROR;
				CLANG_WARN_DOCUMENTATION_COMMENTS = YES;
				CLANG_WARN_EMPTY_BODY = YES;
				CLANG_WARN_ENUM_CONVERSION = YES;
				CLANG_WARN_INFINITE_RECURSION = YES;
				CLANG_WARN_INT_CONVERSION = YES;
				CLANG_WARN_NON_LITERAL_NULL_CONVERSION = YES;
				CLANG_WARN_OBJC_IMPLICIT_RETAIN_SELF = YES;
				CLANG_WARN_OBJC_LITERAL_CONVERSION = YES;
				CLANG_WARN_OBJC_ROOT_CLASS = YES_ERROR;
				CLANG_WARN_QUOTED_INCLUDE_IN_FRAMEWORK_HEADER = YES;
				CLANG_WARN_RANGE_LOOP_ANALYSIS = YES;
				CLANG_WARN_STRICT_PROTOTYPES = YES;
				CLANG_WARN_SUSPICIOUS_MOVE = YES;
				CLANG_WARN_UNGUARDED_AVAILABILITY = YES_AGGRESSIVE;
				CLANG_WARN_UNREACHABLE_CODE = YES;
				CLANG_WARN__DUPLICATE_METHOD_MATCH = YES;
				COPY_PHASE_STRIP = NO;
				DEBUG_INFORMATION_FORMAT = dwarf;
				ENABLE_STRICT_OBJC_MSGSEND = YES;
				ENABLE_TESTABILITY = YES;
				GCC_C_LANGUAGE_STANDARD = gnu11;
				GCC_DYNAMIC_NO_PIC = NO;
				GCC_NO_COMMON_BLOCKS = YES;
				GCC_OPTIMIZATION_LEVEL = 0;
				GCC_PREPROCESSOR_DEFINITIONS = (
					"DEBUG=1",
					"$(inherited)",
				);
				GCC_WARN_64_TO_32_BIT_CONVERSION = YES;
				GCC_WARN_ABOUT_RETURN_TYPE = YES_ERROR;
				GCC_WARN_UNDECLARED_SELECTOR = YES;
				GCC_WARN_UNINITIALIZED_AUTOS = YES_AGGRESSIVE;
				GCC_WARN_UNUSED_FUNCTION = YES;
				GCC_WARN_UNUSED_VARIABLE = YES;
				IPHONEOS_DEPLOYMENT_TARGET = 14.0;
				MTL_ENABLE_DEBUG_INFO = INCLUDE_SOURCE;
				MTL_FAST_MATH = YES;
				ONLY_ACTIVE_ARCH = YES;
				SDKROOT = iphoneos;
				SWIFT_ACTIVE_COMPILATION_CONDITIONS = DEBUG;
				SWIFT_OPTIMIZATION_LEVEL = "-Onone";
			};
			name = Debug;
		};
		846A6701251D300F004464D1 /* Release */ = {
			isa = XCBuildConfiguration;
			buildSettings = {
				ALWAYS_SEARCH_USER_PATHS = NO;
				CLANG_ANALYZER_NONNULL = YES;
				CLANG_ANALYZER_NUMBER_OBJECT_CONVERSION = YES_AGGRESSIVE;
				CLANG_CXX_LANGUAGE_STANDARD = "gnu++14";
				CLANG_CXX_LIBRARY = "libc++";
				CLANG_ENABLE_MODULES = YES;
				CLANG_ENABLE_OBJC_ARC = YES;
				CLANG_ENABLE_OBJC_WEAK = YES;
				CLANG_WARN_BLOCK_CAPTURE_AUTORELEASING = YES;
				CLANG_WARN_BOOL_CONVERSION = YES;
				CLANG_WARN_COMMA = YES;
				CLANG_WARN_CONSTANT_CONVERSION = YES;
				CLANG_WARN_DEPRECATED_OBJC_IMPLEMENTATIONS = YES;
				CLANG_WARN_DIRECT_OBJC_ISA_USAGE = YES_ERROR;
				CLANG_WARN_DOCUMENTATION_COMMENTS = YES;
				CLANG_WARN_EMPTY_BODY = YES;
				CLANG_WARN_ENUM_CONVERSION = YES;
				CLANG_WARN_INFINITE_RECURSION = YES;
				CLANG_WARN_INT_CONVERSION = YES;
				CLANG_WARN_NON_LITERAL_NULL_CONVERSION = YES;
				CLANG_WARN_OBJC_IMPLICIT_RETAIN_SELF = YES;
				CLANG_WARN_OBJC_LITERAL_CONVERSION = YES;
				CLANG_WARN_OBJC_ROOT_CLASS = YES_ERROR;
				CLANG_WARN_QUOTED_INCLUDE_IN_FRAMEWORK_HEADER = YES;
				CLANG_WARN_RANGE_LOOP_ANALYSIS = YES;
				CLANG_WARN_STRICT_PROTOTYPES = YES;
				CLANG_WARN_SUSPICIOUS_MOVE = YES;
				CLANG_WARN_UNGUARDED_AVAILABILITY = YES_AGGRESSIVE;
				CLANG_WARN_UNREACHABLE_CODE = YES;
				CLANG_WARN__DUPLICATE_METHOD_MATCH = YES;
				COPY_PHASE_STRIP = NO;
				DEBUG_INFORMATION_FORMAT = "dwarf-with-dsym";
				ENABLE_NS_ASSERTIONS = NO;
				ENABLE_STRICT_OBJC_MSGSEND = YES;
				GCC_C_LANGUAGE_STANDARD = gnu11;
				GCC_NO_COMMON_BLOCKS = YES;
				GCC_WARN_64_TO_32_BIT_CONVERSION = YES;
				GCC_WARN_ABOUT_RETURN_TYPE = YES_ERROR;
				GCC_WARN_UNDECLARED_SELECTOR = YES;
				GCC_WARN_UNINITIALIZED_AUTOS = YES_AGGRESSIVE;
				GCC_WARN_UNUSED_FUNCTION = YES;
				GCC_WARN_UNUSED_VARIABLE = YES;
				IPHONEOS_DEPLOYMENT_TARGET = 14.0;
				MTL_ENABLE_DEBUG_INFO = NO;
				MTL_FAST_MATH = YES;
				SDKROOT = iphoneos;
				SWIFT_COMPILATION_MODE = wholemodule;
				SWIFT_OPTIMIZATION_LEVEL = "-O";
				VALIDATE_PRODUCT = YES;
			};
			name = Release;
		};
		846A6703251D300F004464D1 /* Debug */ = {
			isa = XCBuildConfiguration;
			buildSettings = {
				ASSETCATALOG_COMPILER_APPICON_NAME = AppIcon;
				ASSETCATALOG_COMPILER_GLOBAL_ACCENT_COLOR_NAME = AccentColor;
				CODE_SIGN_STYLE = Automatic;
				DEVELOPMENT_ASSET_PATHS = "\"tasks-client/Preview Content\"";
				DEVELOPMENT_TEAM = 6QV4CJJ5C7;
				ENABLE_PREVIEWS = YES;
				INFOPLIST_FILE = "tasks-client/Info.plist";
				LD_RUNPATH_SEARCH_PATHS = (
					"$(inherited)",
					"@executable_path/Frameworks",
				);
				PRODUCT_BUNDLE_IDENTIFIER = "belotserkovtsev.ru.tasks-client";
				PRODUCT_NAME = "$(TARGET_NAME)";
				SWIFT_VERSION = 5.0;
				TARGETED_DEVICE_FAMILY = "1,2";
			};
			name = Debug;
		};
		846A6704251D300F004464D1 /* Release */ = {
			isa = XCBuildConfiguration;
			buildSettings = {
				ASSETCATALOG_COMPILER_APPICON_NAME = AppIcon;
				ASSETCATALOG_COMPILER_GLOBAL_ACCENT_COLOR_NAME = AccentColor;
				CODE_SIGN_STYLE = Automatic;
				DEVELOPMENT_ASSET_PATHS = "\"tasks-client/Preview Content\"";
				DEVELOPMENT_TEAM = 6QV4CJJ5C7;
				ENABLE_PREVIEWS = YES;
				INFOPLIST_FILE = "tasks-client/Info.plist";
				LD_RUNPATH_SEARCH_PATHS = (
					"$(inherited)",
					"@executable_path/Frameworks",
				);
				PRODUCT_BUNDLE_IDENTIFIER = "belotserkovtsev.ru.tasks-client";
				PRODUCT_NAME = "$(TARGET_NAME)";
				SWIFT_VERSION = 5.0;
				TARGETED_DEVICE_FAMILY = "1,2";
			};
			name = Release;
		};
/* End XCBuildConfiguration section */

/* Begin XCConfigurationList section */
		846A66E9251D300E004464D1 /* Build configuration list for PBXProject "tasks-client" */ = {
			isa = XCConfigurationList;
			buildConfigurations = (
				846A6700251D300F004464D1 /* Debug */,
				846A6701251D300F004464D1 /* Release */,
			);
			defaultConfigurationIsVisible = 0;
			defaultConfigurationName = Release;
		};
		846A6702251D300F004464D1 /* Build configuration list for PBXNativeTarget "tasks-client" */ = {
			isa = XCConfigurationList;
			buildConfigurations = (
				846A6703251D300F004464D1 /* Debug */,
				846A6704251D300F004464D1 /* Release */,
			);
			defaultConfigurationIsVisible = 0;
			defaultConfigurationName = Release;
		};
/* End XCConfigurationList section */
	};
	rootObject = 846A66E6251D300E004464D1 /* Project object */;
}
